// !$*UTF8*$!
{
	archiveVersion = 1;
	classes = {
	};
	objectVersion = 46;
	objects = {

/* Begin PBXBuildFile section */
		0EC0428AB0171B934F8A34C6 /* Pods_AMDbUITests.framework in Frameworks */ = {isa = PBXBuildFile; fileRef = 9E9A1C21931CAAF33E4C279D /* Pods_AMDbUITests.framework */; };
		6C66DAE64D7EE3218275C526 /* Pods_AMDb.framework in Frameworks */ = {isa = PBXBuildFile; fileRef = E7411A4A2F0D10F342DDE59B /* Pods_AMDb.framework */; };
		865E17EBC8CDD1BBD884ED92 /* Pods_AMDbTests.framework in Frameworks */ = {isa = PBXBuildFile; fileRef = D8BBA11B3D9E67DE9EBA4AFA /* Pods_AMDbTests.framework */; };
		F4137E121E1535F30014D5E6 /* SearchViewController.m in Sources */ = {isa = PBXBuildFile; fileRef = F4137E111E1535F30014D5E6 /* SearchViewController.m */; };
		F434C4F31E0AB43D00445A7F /* MoviesViewController.m in Sources */ = {isa = PBXBuildFile; fileRef = F434C4F21E0AB43D00445A7F /* MoviesViewController.m */; };
		F434C4F61E0AC06300445A7F /* Movie.m in Sources */ = {isa = PBXBuildFile; fileRef = F434C4F51E0AC06300445A7F /* Movie.m */; };
		F45EE5141E1D4DA600F2376C /* MyMoviesViewController.m in Sources */ = {isa = PBXBuildFile; fileRef = F45EE5131E1D4DA600F2376C /* MyMoviesViewController.m */; };
		F465C0391E1BF0FC005D6297 /* FullMovieViewController.m in Sources */ = {isa = PBXBuildFile; fileRef = F465C0381E1BF0FC005D6297 /* FullMovieViewController.m */; };
		F4947CA41E0997C00078D984 /* main.m in Sources */ = {isa = PBXBuildFile; fileRef = F4947CA31E0997C00078D984 /* main.m */; };
		F4947CA71E0997C00078D984 /* AppDelegate.m in Sources */ = {isa = PBXBuildFile; fileRef = F4947CA61E0997C00078D984 /* AppDelegate.m */; };
		F4947CAA1E0997C00078D984 /* ViewController.m in Sources */ = {isa = PBXBuildFile; fileRef = F4947CA91E0997C00078D984 /* ViewController.m */; };
		F4947CAD1E0997C00078D984 /* Main.storyboard in Resources */ = {isa = PBXBuildFile; fileRef = F4947CAB1E0997C00078D984 /* Main.storyboard */; };
		F4947CAF1E0997C00078D984 /* Assets.xcassets in Resources */ = {isa = PBXBuildFile; fileRef = F4947CAE1E0997C00078D984 /* Assets.xcassets */; };
		F4947CB21E0997C00078D984 /* LaunchScreen.storyboard in Resources */ = {isa = PBXBuildFile; fileRef = F4947CB01E0997C00078D984 /* LaunchScreen.storyboard */; };
		F4947CBD1E0997C00078D984 /* AMDbTests.m in Sources */ = {isa = PBXBuildFile; fileRef = F4947CBC1E0997C00078D984 /* AMDbTests.m */; };
		F4947CC81E0997C00078D984 /* AMDbUITests.m in Sources */ = {isa = PBXBuildFile; fileRef = F4947CC71E0997C00078D984 /* AMDbUITests.m */; };
		F49688B11E15606E000348C7 /* MTLSearchMovie.m in Sources */ = {isa = PBXBuildFile; fileRef = F49688B01E15606E000348C7 /* MTLSearchMovie.m */; };
		F49688B41E158CDB000348C7 /* MovieSearchCell.m in Sources */ = {isa = PBXBuildFile; fileRef = F49688B31E158CDB000348C7 /* MovieSearchCell.m */; };
		F4F4ECA11E0D440200135948 /* MovieCell.m in Sources */ = {isa = PBXBuildFile; fileRef = F4F4ECA01E0D440200135948 /* MovieCell.m */; };
		F4F4ECA81E0D537A00135948 /* posterArrival.jpg in Resources */ = {isa = PBXBuildFile; fileRef = F4F4ECA71E0D537A00135948 /* posterArrival.jpg */; };
		F4F4ECAA1E0D57F900135948 /* posterRogueOne.jpg in Resources */ = {isa = PBXBuildFile; fileRef = F4F4ECA91E0D57F900135948 /* posterRogueOne.jpg */; };
/* End PBXBuildFile section */

/* Begin PBXContainerItemProxy section */
		F4947CB91E0997C00078D984 /* PBXContainerItemProxy */ = {
			isa = PBXContainerItemProxy;
			containerPortal = F4947C971E0997C00078D984 /* Project object */;
			proxyType = 1;
			remoteGlobalIDString = F4947C9E1E0997C00078D984;
			remoteInfo = AMDb;
		};
		F4947CC41E0997C00078D984 /* PBXContainerItemProxy */ = {
			isa = PBXContainerItemProxy;
			containerPortal = F4947C971E0997C00078D984 /* Project object */;
			proxyType = 1;
			remoteGlobalIDString = F4947C9E1E0997C00078D984;
			remoteInfo = AMDb;
		};
/* End PBXContainerItemProxy section */

/* Begin PBXCopyFilesBuildPhase section */
		F4947CD81E099CD60078D984 /* Embed Frameworks */ = {
			isa = PBXCopyFilesBuildPhase;
			buildActionMask = 2147483647;
			dstPath = "";
			dstSubfolderSpec = 10;
			files = (
			);
			name = "Embed Frameworks";
			runOnlyForDeploymentPostprocessing = 0;
		};
/* End PBXCopyFilesBuildPhase section */

/* Begin PBXFileReference section */
		4B1E7097D110EE860EBDE069 /* Pods-AMDb.release.xcconfig */ = {isa = PBXFileReference; includeInIndex = 1; lastKnownFileType = text.xcconfig; name = "Pods-AMDb.release.xcconfig"; path = "Pods/Target Support Files/Pods-AMDb/Pods-AMDb.release.xcconfig"; sourceTree = "<group>"; };
		862F8FFBA50CDA6D34D25E8A /* Pods-AMDbTests.debug.xcconfig */ = {isa = PBXFileReference; includeInIndex = 1; lastKnownFileType = text.xcconfig; name = "Pods-AMDbTests.debug.xcconfig"; path = "Pods/Target Support Files/Pods-AMDbTests/Pods-AMDbTests.debug.xcconfig"; sourceTree = "<group>"; };
		8AE3308131A87900A3A76C6B /* Pods-AMDb.debug.xcconfig */ = {isa = PBXFileReference; includeInIndex = 1; lastKnownFileType = text.xcconfig; name = "Pods-AMDb.debug.xcconfig"; path = "Pods/Target Support Files/Pods-AMDb/Pods-AMDb.debug.xcconfig"; sourceTree = "<group>"; };
		8FE5ABA04C2571C2AC62FDD6 /* Pods-AMDbUITests.debug.xcconfig */ = {isa = PBXFileReference; includeInIndex = 1; lastKnownFileType = text.xcconfig; name = "Pods-AMDbUITests.debug.xcconfig"; path = "Pods/Target Support Files/Pods-AMDbUITests/Pods-AMDbUITests.debug.xcconfig"; sourceTree = "<group>"; };
		9E9A1C21931CAAF33E4C279D /* Pods_AMDbUITests.framework */ = {isa = PBXFileReference; explicitFileType = wrapper.framework; includeInIndex = 0; path = Pods_AMDbUITests.framework; sourceTree = BUILT_PRODUCTS_DIR; };
		ACEF43217870CDC4455460B8 /* Pods-AMDbUITests.release.xcconfig */ = {isa = PBXFileReference; includeInIndex = 1; lastKnownFileType = text.xcconfig; name = "Pods-AMDbUITests.release.xcconfig"; path = "Pods/Target Support Files/Pods-AMDbUITests/Pods-AMDbUITests.release.xcconfig"; sourceTree = "<group>"; };
		D8B75A360B2F8AE71E0BFB67 /* Pods-AMDbTests.release.xcconfig */ = {isa = PBXFileReference; includeInIndex = 1; lastKnownFileType = text.xcconfig; name = "Pods-AMDbTests.release.xcconfig"; path = "Pods/Target Support Files/Pods-AMDbTests/Pods-AMDbTests.release.xcconfig"; sourceTree = "<group>"; };
		D8BBA11B3D9E67DE9EBA4AFA /* Pods_AMDbTests.framework */ = {isa = PBXFileReference; explicitFileType = wrapper.framework; includeInIndex = 0; path = Pods_AMDbTests.framework; sourceTree = BUILT_PRODUCTS_DIR; };
		E7411A4A2F0D10F342DDE59B /* Pods_AMDb.framework */ = {isa = PBXFileReference; explicitFileType = wrapper.framework; includeInIndex = 0; path = Pods_AMDb.framework; sourceTree = BUILT_PRODUCTS_DIR; };
		F4137E101E1535F30014D5E6 /* SearchViewController.h */ = {isa = PBXFileReference; fileEncoding = 4; lastKnownFileType = sourcecode.c.h; path = SearchViewController.h; sourceTree = "<group>"; };
		F4137E111E1535F30014D5E6 /* SearchViewController.m */ = {isa = PBXFileReference; fileEncoding = 4; lastKnownFileType = sourcecode.c.objc; path = SearchViewController.m; sourceTree = "<group>"; };
		F434C4F11E0AB43D00445A7F /* MoviesViewController.h */ = {isa = PBXFileReference; fileEncoding = 4; lastKnownFileType = sourcecode.c.h; path = MoviesViewController.h; sourceTree = "<group>"; };
		F434C4F21E0AB43D00445A7F /* MoviesViewController.m */ = {isa = PBXFileReference; fileEncoding = 4; lastKnownFileType = sourcecode.c.objc; path = MoviesViewController.m; sourceTree = "<group>"; };
		F434C4F41E0AC06300445A7F /* Movie.h */ = {isa = PBXFileReference; fileEncoding = 4; lastKnownFileType = sourcecode.c.h; path = Movie.h; sourceTree = "<group>"; };
		F434C4F51E0AC06300445A7F /* Movie.m */ = {isa = PBXFileReference; fileEncoding = 4; lastKnownFileType = sourcecode.c.objc; path = Movie.m; sourceTree = "<group>"; };
		F45EE5121E1D4DA600F2376C /* MyMoviesViewController.h */ = {isa = PBXFileReference; fileEncoding = 4; lastKnownFileType = sourcecode.c.h; path = MyMoviesViewController.h; sourceTree = "<group>"; };
		F45EE5131E1D4DA600F2376C /* MyMoviesViewController.m */ = {isa = PBXFileReference; fileEncoding = 4; lastKnownFileType = sourcecode.c.objc; path = MyMoviesViewController.m; sourceTree = "<group>"; };
		F465C0371E1BF0FC005D6297 /* FullMovieViewController.h */ = {isa = PBXFileReference; fileEncoding = 4; lastKnownFileType = sourcecode.c.h; path = FullMovieViewController.h; sourceTree = "<group>"; };
		F465C0381E1BF0FC005D6297 /* FullMovieViewController.m */ = {isa = PBXFileReference; fileEncoding = 4; lastKnownFileType = sourcecode.c.objc; path = FullMovieViewController.m; sourceTree = "<group>"; };
		F4947C9F1E0997C00078D984 /* AMDb.app */ = {isa = PBXFileReference; explicitFileType = wrapper.application; includeInIndex = 0; path = AMDb.app; sourceTree = BUILT_PRODUCTS_DIR; };
		F4947CA31E0997C00078D984 /* main.m */ = {isa = PBXFileReference; lastKnownFileType = sourcecode.c.objc; path = main.m; sourceTree = "<group>"; };
		F4947CA51E0997C00078D984 /* AppDelegate.h */ = {isa = PBXFileReference; lastKnownFileType = sourcecode.c.h; path = AppDelegate.h; sourceTree = "<group>"; };
		F4947CA61E0997C00078D984 /* AppDelegate.m */ = {isa = PBXFileReference; lastKnownFileType = sourcecode.c.objc; path = AppDelegate.m; sourceTree = "<group>"; };
		F4947CA81E0997C00078D984 /* ViewController.h */ = {isa = PBXFileReference; lastKnownFileType = sourcecode.c.h; path = ViewController.h; sourceTree = "<group>"; };
		F4947CA91E0997C00078D984 /* ViewController.m */ = {isa = PBXFileReference; lastKnownFileType = sourcecode.c.objc; path = ViewController.m; sourceTree = "<group>"; };
		F4947CAC1E0997C00078D984 /* Base */ = {isa = PBXFileReference; lastKnownFileType = file.storyboard; name = Base; path = Base.lproj/Main.storyboard; sourceTree = "<group>"; };
		F4947CAE1E0997C00078D984 /* Assets.xcassets */ = {isa = PBXFileReference; lastKnownFileType = folder.assetcatalog; path = Assets.xcassets; sourceTree = "<group>"; };
		F4947CB11E0997C00078D984 /* Base */ = {isa = PBXFileReference; lastKnownFileType = file.storyboard; name = Base; path = Base.lproj/LaunchScreen.storyboard; sourceTree = "<group>"; };
		F4947CB31E0997C00078D984 /* Info.plist */ = {isa = PBXFileReference; lastKnownFileType = text.plist.xml; path = Info.plist; sourceTree = "<group>"; };
		F4947CB81E0997C00078D984 /* AMDbTests.xctest */ = {isa = PBXFileReference; explicitFileType = wrapper.cfbundle; includeInIndex = 0; path = AMDbTests.xctest; sourceTree = BUILT_PRODUCTS_DIR; };
		F4947CBC1E0997C00078D984 /* AMDbTests.m */ = {isa = PBXFileReference; lastKnownFileType = sourcecode.c.objc; path = AMDbTests.m; sourceTree = "<group>"; };
		F4947CBE1E0997C00078D984 /* Info.plist */ = {isa = PBXFileReference; lastKnownFileType = text.plist.xml; path = Info.plist; sourceTree = "<group>"; };
		F4947CC31E0997C00078D984 /* AMDbUITests.xctest */ = {isa = PBXFileReference; explicitFileType = wrapper.cfbundle; includeInIndex = 0; path = AMDbUITests.xctest; sourceTree = BUILT_PRODUCTS_DIR; };
		F4947CC71E0997C00078D984 /* AMDbUITests.m */ = {isa = PBXFileReference; lastKnownFileType = sourcecode.c.objc; path = AMDbUITests.m; sourceTree = "<group>"; };
		F4947CC91E0997C00078D984 /* Info.plist */ = {isa = PBXFileReference; lastKnownFileType = text.plist.xml; path = Info.plist; sourceTree = "<group>"; };
		F49688AF1E15606E000348C7 /* MTLSearchMovie.h */ = {isa = PBXFileReference; fileEncoding = 4; lastKnownFileType = sourcecode.c.h; path = MTLSearchMovie.h; sourceTree = "<group>"; };
		F49688B01E15606E000348C7 /* MTLSearchMovie.m */ = {isa = PBXFileReference; fileEncoding = 4; lastKnownFileType = sourcecode.c.objc; path = MTLSearchMovie.m; sourceTree = "<group>"; };
		F49688B21E158CDB000348C7 /* MovieSearchCell.h */ = {isa = PBXFileReference; fileEncoding = 4; lastKnownFileType = sourcecode.c.h; path = MovieSearchCell.h; sourceTree = "<group>"; };
		F49688B31E158CDB000348C7 /* MovieSearchCell.m */ = {isa = PBXFileReference; fileEncoding = 4; lastKnownFileType = sourcecode.c.objc; path = MovieSearchCell.m; sourceTree = "<group>"; };
		F4F4EC9F1E0D440200135948 /* MovieCell.h */ = {isa = PBXFileReference; fileEncoding = 4; lastKnownFileType = sourcecode.c.h; path = MovieCell.h; sourceTree = "<group>"; };
		F4F4ECA01E0D440200135948 /* MovieCell.m */ = {isa = PBXFileReference; fileEncoding = 4; lastKnownFileType = sourcecode.c.objc; path = MovieCell.m; sourceTree = "<group>"; };
		F4F4ECA71E0D537A00135948 /* posterArrival.jpg */ = {isa = PBXFileReference; lastKnownFileType = image.jpeg; path = posterArrival.jpg; sourceTree = "<group>"; };
		F4F4ECA91E0D57F900135948 /* posterRogueOne.jpg */ = {isa = PBXFileReference; lastKnownFileType = image.jpeg; path = posterRogueOne.jpg; sourceTree = "<group>"; };
/* End PBXFileReference section */

/* Begin PBXFrameworksBuildPhase section */
		F4947C9C1E0997C00078D984 /* Frameworks */ = {
			isa = PBXFrameworksBuildPhase;
			buildActionMask = 2147483647;
			files = (
				6C66DAE64D7EE3218275C526 /* Pods_AMDb.framework in Frameworks */,
			);
			runOnlyForDeploymentPostprocessing = 0;
		};
		F4947CB51E0997C00078D984 /* Frameworks */ = {
			isa = PBXFrameworksBuildPhase;
			buildActionMask = 2147483647;
			files = (
				865E17EBC8CDD1BBD884ED92 /* Pods_AMDbTests.framework in Frameworks */,
			);
			runOnlyForDeploymentPostprocessing = 0;
		};
		F4947CC01E0997C00078D984 /* Frameworks */ = {
			isa = PBXFrameworksBuildPhase;
			buildActionMask = 2147483647;
			files = (
				0EC0428AB0171B934F8A34C6 /* Pods_AMDbUITests.framework in Frameworks */,
			);
			runOnlyForDeploymentPostprocessing = 0;
		};
/* End PBXFrameworksBuildPhase section */

/* Begin PBXGroup section */
		72A687CD304E6352A8D6DD49 /* Pods */ = {
			isa = PBXGroup;
			children = (
				8AE3308131A87900A3A76C6B /* Pods-AMDb.debug.xcconfig */,
				4B1E7097D110EE860EBDE069 /* Pods-AMDb.release.xcconfig */,
				862F8FFBA50CDA6D34D25E8A /* Pods-AMDbTests.debug.xcconfig */,
				D8B75A360B2F8AE71E0BFB67 /* Pods-AMDbTests.release.xcconfig */,
				8FE5ABA04C2571C2AC62FDD6 /* Pods-AMDbUITests.debug.xcconfig */,
				ACEF43217870CDC4455460B8 /* Pods-AMDbUITests.release.xcconfig */,
			);
			name = Pods;
			sourceTree = "<group>";
		};
		9B2D5F77C71F89D094DCC47D /* Frameworks */ = {
			isa = PBXGroup;
			children = (
				E7411A4A2F0D10F342DDE59B /* Pods_AMDb.framework */,
				D8BBA11B3D9E67DE9EBA4AFA /* Pods_AMDbTests.framework */,
				9E9A1C21931CAAF33E4C279D /* Pods_AMDbUITests.framework */,
			);
			name = Frameworks;
			sourceTree = "<group>";
		};
		F41952A51E0ADEB000BD2F59 /* Posters */ = {
			isa = PBXGroup;
			children = (
				F4F4ECA91E0D57F900135948 /* posterRogueOne.jpg */,
				F4F4ECA71E0D537A00135948 /* posterArrival.jpg */,
			);
			name = Posters;
			sourceTree = "<group>";
		};
		F434C4EF1E0AA4A900445A7F /* GUI */ = {
			isa = PBXGroup;
			children = (
				F4947CA51E0997C00078D984 /* AppDelegate.h */,
				F4947CA61E0997C00078D984 /* AppDelegate.m */,
				F4947CAB1E0997C00078D984 /* Main.storyboard */,
				F4947CAE1E0997C00078D984 /* Assets.xcassets */,
				F4947CB01E0997C00078D984 /* LaunchScreen.storyboard */,
				F4947CB31E0997C00078D984 /* Info.plist */,
			);
			name = GUI;
			sourceTree = "<group>";
		};
		F434C4F01E0AA4BC00445A7F /* Model */ = {
			isa = PBXGroup;
			children = (
				F434C4F41E0AC06300445A7F /* Movie.h */,
				F434C4F51E0AC06300445A7F /* Movie.m */,
				F4F4EC9F1E0D440200135948 /* MovieCell.h */,
				F4F4ECA01E0D440200135948 /* MovieCell.m */,
				F49688AF1E15606E000348C7 /* MTLSearchMovie.h */,
				F49688B01E15606E000348C7 /* MTLSearchMovie.m */,
				F49688B21E158CDB000348C7 /* MovieSearchCell.h */,
				F49688B31E158CDB000348C7 /* MovieSearchCell.m */,
			);
			name = Model;
			sourceTree = "<group>";
		};
		F4947C961E0997C00078D984 = {
			isa = PBXGroup;
			children = (
				F41952A51E0ADEB000BD2F59 /* Posters */,
				F4947CA11E0997C00078D984 /* AMDb */,
				F4947CBB1E0997C00078D984 /* AMDbTests */,
				F4947CC61E0997C00078D984 /* AMDbUITests */,
				F4947CA01E0997C00078D984 /* Products */,
				72A687CD304E6352A8D6DD49 /* Pods */,
				9B2D5F77C71F89D094DCC47D /* Frameworks */,
			);
			sourceTree = "<group>";
		};
		F4947CA01E0997C00078D984 /* Products */ = {
			isa = PBXGroup;
			children = (
				F4947C9F1E0997C00078D984 /* AMDb.app */,
				F4947CB81E0997C00078D984 /* AMDbTests.xctest */,
				F4947CC31E0997C00078D984 /* AMDbUITests.xctest */,
			);
			name = Products;
			sourceTree = "<group>";
		};
		F4947CA11E0997C00078D984 /* AMDb */ = {
			isa = PBXGroup;
			children = (
				F4F4ECA41E0D4D1D00135948 /* ViewControllers */,
				F434C4F01E0AA4BC00445A7F /* Model */,
				F434C4EF1E0AA4A900445A7F /* GUI */,
				F4947CA21E0997C00078D984 /* Supporting Files */,
			);
			path = AMDb;
			sourceTree = "<group>";
		};
		F4947CA21E0997C00078D984 /* Supporting Files */ = {
			isa = PBXGroup;
			children = (
				F4947CA31E0997C00078D984 /* main.m */,
			);
			name = "Supporting Files";
			sourceTree = "<group>";
		};
		F4947CBB1E0997C00078D984 /* AMDbTests */ = {
			isa = PBXGroup;
			children = (
				F4947CBC1E0997C00078D984 /* AMDbTests.m */,
				F4947CBE1E0997C00078D984 /* Info.plist */,
			);
			path = AMDbTests;
			sourceTree = "<group>";
		};
		F4947CC61E0997C00078D984 /* AMDbUITests */ = {
			isa = PBXGroup;
			children = (
				F4947CC71E0997C00078D984 /* AMDbUITests.m */,
				F4947CC91E0997C00078D984 /* Info.plist */,
			);
			path = AMDbUITests;
			sourceTree = "<group>";
		};
		F4F4ECA41E0D4D1D00135948 /* ViewControllers */ = {
			isa = PBXGroup;
			children = (
				F4947CA81E0997C00078D984 /* ViewController.h */,
				F4947CA91E0997C00078D984 /* ViewController.m */,
				F465C0371E1BF0FC005D6297 /* FullMovieViewController.h */,
				F465C0381E1BF0FC005D6297 /* FullMovieViewController.m */,
				F434C4F11E0AB43D00445A7F /* MoviesViewController.h */,
				F434C4F21E0AB43D00445A7F /* MoviesViewController.m */,
				F4137E101E1535F30014D5E6 /* SearchViewController.h */,
				F4137E111E1535F30014D5E6 /* SearchViewController.m */,
				F45EE5121E1D4DA600F2376C /* MyMoviesViewController.h */,
				F45EE5131E1D4DA600F2376C /* MyMoviesViewController.m */,
			);
			name = ViewControllers;
			sourceTree = "<group>";
		};
/* End PBXGroup section */

/* Begin PBXNativeTarget section */
		F4947C9E1E0997C00078D984 /* AMDb */ = {
			isa = PBXNativeTarget;
			buildConfigurationList = F4947CCC1E0997C00078D984 /* Build configuration list for PBXNativeTarget "AMDb" */;
			buildPhases = (
				D920F6BE989417076477E234 /* [CP] Check Pods Manifest.lock */,
				F4947C9B1E0997C00078D984 /* Sources */,
				F4947C9C1E0997C00078D984 /* Frameworks */,
				F4947C9D1E0997C00078D984 /* Resources */,
				F4947CD81E099CD60078D984 /* Embed Frameworks */,
				6D67EFFEB5005622F567A2CB /* [CP] Embed Pods Frameworks */,
				894874CA0CF24C1954F09130 /* [CP] Copy Pods Resources */,
			);
			buildRules = (
			);
			dependencies = (
			);
			name = AMDb;
			productName = AMDb;
			productReference = F4947C9F1E0997C00078D984 /* AMDb.app */;
			productType = "com.apple.product-type.application";
		};
		F4947CB71E0997C00078D984 /* AMDbTests */ = {
			isa = PBXNativeTarget;
			buildConfigurationList = F4947CCF1E0997C00078D984 /* Build configuration list for PBXNativeTarget "AMDbTests" */;
			buildPhases = (
				F1F6543841F223DF1A75BC24 /* [CP] Check Pods Manifest.lock */,
				F4947CB41E0997C00078D984 /* Sources */,
				F4947CB51E0997C00078D984 /* Frameworks */,
				F4947CB61E0997C00078D984 /* Resources */,
				0F10942C127CEE9617DAAAF3 /* [CP] Embed Pods Frameworks */,
				F33228C0930AD2E6866CC149 /* [CP] Copy Pods Resources */,
			);
			buildRules = (
			);
			dependencies = (
				F4947CBA1E0997C00078D984 /* PBXTargetDependency */,
			);
			name = AMDbTests;
			productName = AMDbTests;
			productReference = F4947CB81E0997C00078D984 /* AMDbTests.xctest */;
			productType = "com.apple.product-type.bundle.unit-test";
		};
		F4947CC21E0997C00078D984 /* AMDbUITests */ = {
			isa = PBXNativeTarget;
			buildConfigurationList = F4947CD21E0997C00078D984 /* Build configuration list for PBXNativeTarget "AMDbUITests" */;
			buildPhases = (
				7972CFEA2FC352F7E5A556F2 /* [CP] Check Pods Manifest.lock */,
				F4947CBF1E0997C00078D984 /* Sources */,
				F4947CC01E0997C00078D984 /* Frameworks */,
				F4947CC11E0997C00078D984 /* Resources */,
				71101F1846C2CD0ABA2A58B7 /* [CP] Embed Pods Frameworks */,
				623FF503AA40792B56A175ED /* [CP] Copy Pods Resources */,
			);
			buildRules = (
			);
			dependencies = (
				F4947CC51E0997C00078D984 /* PBXTargetDependency */,
			);
			name = AMDbUITests;
			productName = AMDbUITests;
			productReference = F4947CC31E0997C00078D984 /* AMDbUITests.xctest */;
			productType = "com.apple.product-type.bundle.ui-testing";
		};
/* End PBXNativeTarget section */

/* Begin PBXProject section */
		F4947C971E0997C00078D984 /* Project object */ = {
			isa = PBXProject;
			attributes = {
				LastUpgradeCheck = 0820;
				ORGANIZATIONNAME = "Mac Mini Beta";
				TargetAttributes = {
					F4947C9E1E0997C00078D984 = {
						CreatedOnToolsVersion = 8.2;
						ProvisioningStyle = Manual;
					};
					F4947CB71E0997C00078D984 = {
						CreatedOnToolsVersion = 8.2;
						ProvisioningStyle = Automatic;
						TestTargetID = F4947C9E1E0997C00078D984;
					};
					F4947CC21E0997C00078D984 = {
						CreatedOnToolsVersion = 8.2;
						ProvisioningStyle = Automatic;
						TestTargetID = F4947C9E1E0997C00078D984;
					};
				};
			};
			buildConfigurationList = F4947C9A1E0997C00078D984 /* Build configuration list for PBXProject "AMDb" */;
			compatibilityVersion = "Xcode 3.2";
			developmentRegion = English;
			hasScannedForEncodings = 0;
			knownRegions = (
				en,
				Base,
			);
			mainGroup = F4947C961E0997C00078D984;
			productRefGroup = F4947CA01E0997C00078D984 /* Products */;
			projectDirPath = "";
			projectRoot = "";
			targets = (
				F4947C9E1E0997C00078D984 /* AMDb */,
				F4947CB71E0997C00078D984 /* AMDbTests */,
				F4947CC21E0997C00078D984 /* AMDbUITests */,
			);
		};
/* End PBXProject section */

/* Begin PBXResourcesBuildPhase section */
		F4947C9D1E0997C00078D984 /* Resources */ = {
			isa = PBXResourcesBuildPhase;
			buildActionMask = 2147483647;
			files = (
				F4947CB21E0997C00078D984 /* LaunchScreen.storyboard in Resources */,
				F4947CAF1E0997C00078D984 /* Assets.xcassets in Resources */,
				F4F4ECA81E0D537A00135948 /* posterArrival.jpg in Resources */,
				F4947CAD1E0997C00078D984 /* Main.storyboard in Resources */,
				F4F4ECAA1E0D57F900135948 /* posterRogueOne.jpg in Resources */,
			);
			runOnlyForDeploymentPostprocessing = 0;
		};
		F4947CB61E0997C00078D984 /* Resources */ = {
			isa = PBXResourcesBuildPhase;
			buildActionMask = 2147483647;
			files = (
			);
			runOnlyForDeploymentPostprocessing = 0;
		};
		F4947CC11E0997C00078D984 /* Resources */ = {
			isa = PBXResourcesBuildPhase;
			buildActionMask = 2147483647;
			files = (
			);
			runOnlyForDeploymentPostprocessing = 0;
		};
/* End PBXResourcesBuildPhase section */

/* Begin PBXShellScriptBuildPhase section */
		0F10942C127CEE9617DAAAF3 /* [CP] Embed Pods Frameworks */ = {
			isa = PBXShellScriptBuildPhase;
			buildActionMask = 2147483647;
			files = (
			);
			inputPaths = (
			);
			name = "[CP] Embed Pods Frameworks";
			outputPaths = (
			);
			runOnlyForDeploymentPostprocessing = 0;
			shellPath = /bin/sh;
			shellScript = "\"${SRCROOT}/Pods/Target Support Files/Pods-AMDbTests/Pods-AMDbTests-frameworks.sh\"\n";
			showEnvVarsInLog = 0;
		};
		623FF503AA40792B56A175ED /* [CP] Copy Pods Resources */ = {
			isa = PBXShellScriptBuildPhase;
			buildActionMask = 2147483647;
			files = (
			);
			inputPaths = (
			);
			name = "[CP] Copy Pods Resources";
			outputPaths = (
			);
			runOnlyForDeploymentPostprocessing = 0;
			shellPath = /bin/sh;
			shellScript = "\"${SRCROOT}/Pods/Target Support Files/Pods-AMDbUITests/Pods-AMDbUITests-resources.sh\"\n";
			showEnvVarsInLog = 0;
		};
		6D67EFFEB5005622F567A2CB /* [CP] Embed Pods Frameworks */ = {
			isa = PBXShellScriptBuildPhase;
			buildActionMask = 2147483647;
			files = (
			);
			inputPaths = (
			);
			name = "[CP] Embed Pods Frameworks";
			outputPaths = (
			);
			runOnlyForDeploymentPostprocessing = 0;
			shellPath = /bin/sh;
			shellScript = "\"${SRCROOT}/Pods/Target Support Files/Pods-AMDb/Pods-AMDb-frameworks.sh\"\n";
			showEnvVarsInLog = 0;
		};
		71101F1846C2CD0ABA2A58B7 /* [CP] Embed Pods Frameworks */ = {
			isa = PBXShellScriptBuildPhase;
			buildActionMask = 2147483647;
			files = (
			);
			inputPaths = (
			);
			name = "[CP] Embed Pods Frameworks";
			outputPaths = (
			);
			runOnlyForDeploymentPostprocessing = 0;
			shellPath = /bin/sh;
			shellScript = "\"${SRCROOT}/Pods/Target Support Files/Pods-AMDbUITests/Pods-AMDbUITests-frameworks.sh\"\n";
			showEnvVarsInLog = 0;
		};
		7972CFEA2FC352F7E5A556F2 /* [CP] Check Pods Manifest.lock */ = {
			isa = PBXShellScriptBuildPhase;
			buildActionMask = 2147483647;
			files = (
			);
			inputPaths = (
			);
			name = "[CP] Check Pods Manifest.lock";
			outputPaths = (
			);
			runOnlyForDeploymentPostprocessing = 0;
			shellPath = /bin/sh;
			shellScript = "diff \"${PODS_ROOT}/../Podfile.lock\" \"${PODS_ROOT}/Manifest.lock\" > /dev/null\nif [ $? != 0 ] ; then\n    # print error to STDERR\n    echo \"error: The sandbox is not in sync with the Podfile.lock. Run 'pod install' or update your CocoaPods installation.\" >&2\n    exit 1\nfi\n";
			showEnvVarsInLog = 0;
		};
		894874CA0CF24C1954F09130 /* [CP] Copy Pods Resources */ = {
			isa = PBXShellScriptBuildPhase;
			buildActionMask = 2147483647;
			files = (
			);
			inputPaths = (
			);
			name = "[CP] Copy Pods Resources";
			outputPaths = (
			);
			runOnlyForDeploymentPostprocessing = 0;
			shellPath = /bin/sh;
			shellScript = "\"${SRCROOT}/Pods/Target Support Files/Pods-AMDb/Pods-AMDb-resources.sh\"\n";
			showEnvVarsInLog = 0;
		};
		D920F6BE989417076477E234 /* [CP] Check Pods Manifest.lock */ = {
			isa = PBXShellScriptBuildPhase;
			buildActionMask = 2147483647;
			files = (
			);
			inputPaths = (
			);
			name = "[CP] Check Pods Manifest.lock";
			outputPaths = (
			);
			runOnlyForDeploymentPostprocessing = 0;
			shellPath = /bin/sh;
			shellScript = "diff \"${PODS_ROOT}/../Podfile.lock\" \"${PODS_ROOT}/Manifest.lock\" > /dev/null\nif [ $? != 0 ] ; then\n    # print error to STDERR\n    echo \"error: The sandbox is not in sync with the Podfile.lock. Run 'pod install' or update your CocoaPods installation.\" >&2\n    exit 1\nfi\n";
			showEnvVarsInLog = 0;
		};
		F1F6543841F223DF1A75BC24 /* [CP] Check Pods Manifest.lock */ = {
			isa = PBXShellScriptBuildPhase;
			buildActionMask = 2147483647;
			files = (
			);
			inputPaths = (
			);
			name = "[CP] Check Pods Manifest.lock";
			outputPaths = (
			);
			runOnlyForDeploymentPostprocessing = 0;
			shellPath = /bin/sh;
			shellScript = "diff \"${PODS_ROOT}/../Podfile.lock\" \"${PODS_ROOT}/Manifest.lock\" > /dev/null\nif [ $? != 0 ] ; then\n    # print error to STDERR\n    echo \"error: The sandbox is not in sync with the Podfile.lock. Run 'pod install' or update your CocoaPods installation.\" >&2\n    exit 1\nfi\n";
			showEnvVarsInLog = 0;
		};
		F33228C0930AD2E6866CC149 /* [CP] Copy Pods Resources */ = {
			isa = PBXShellScriptBuildPhase;
			buildActionMask = 2147483647;
			files = (
			);
			inputPaths = (
			);
			name = "[CP] Copy Pods Resources";
			outputPaths = (
			);
			runOnlyForDeploymentPostprocessing = 0;
			shellPath = /bin/sh;
			shellScript = "\"${SRCROOT}/Pods/Target Support Files/Pods-AMDbTests/Pods-AMDbTests-resources.sh\"\n";
			showEnvVarsInLog = 0;
		};
/* End PBXShellScriptBuildPhase section */

/* Begin PBXSourcesBuildPhase section */
		F4947C9B1E0997C00078D984 /* Sources */ = {
			isa = PBXSourcesBuildPhase;
			buildActionMask = 2147483647;
			files = (
				F465C0391E1BF0FC005D6297 /* FullMovieViewController.m in Sources */,
				F45EE5141E1D4DA600F2376C /* MyMoviesViewController.m in Sources */,
				F4947CAA1E0997C00078D984 /* ViewController.m in Sources */,
				F49688B41E158CDB000348C7 /* MovieSearchCell.m in Sources */,
				F4947CA71E0997C00078D984 /* AppDelegate.m in Sources */,
				F4F4ECA11E0D440200135948 /* MovieCell.m in Sources */,
				F434C4F61E0AC06300445A7F /* Movie.m in Sources */,
				F4947CA41E0997C00078D984 /* main.m in Sources */,
				F434C4F31E0AB43D00445A7F /* MoviesViewController.m in Sources */,
				F49688B11E15606E000348C7 /* MTLSearchMovie.m in Sources */,
				F4137E121E1535F30014D5E6 /* SearchViewController.m in Sources */,
			);
			runOnlyForDeploymentPostprocessing = 0;
		};
		F4947CB41E0997C00078D984 /* Sources */ = {
			isa = PBXSourcesBuildPhase;
			buildActionMask = 2147483647;
			files = (
				F4947CBD1E0997C00078D984 /* AMDbTests.m in Sources */,
			);
			runOnlyForDeploymentPostprocessing = 0;
		};
		F4947CBF1E0997C00078D984 /* Sources */ = {
			isa = PBXSourcesBuildPhase;
			buildActionMask = 2147483647;
			files = (
				F4947CC81E0997C00078D984 /* AMDbUITests.m in Sources */,
			);
			runOnlyForDeploymentPostprocessing = 0;
		};
/* End PBXSourcesBuildPhase section */

/* Begin PBXTargetDependency section */
		F4947CBA1E0997C00078D984 /* PBXTargetDependency */ = {
			isa = PBXTargetDependency;
			target = F4947C9E1E0997C00078D984 /* AMDb */;
			targetProxy = F4947CB91E0997C00078D984 /* PBXContainerItemProxy */;
		};
		F4947CC51E0997C00078D984 /* PBXTargetDependency */ = {
			isa = PBXTargetDependency;
			target = F4947C9E1E0997C00078D984 /* AMDb */;
			targetProxy = F4947CC41E0997C00078D984 /* PBXContainerItemProxy */;
		};
/* End PBXTargetDependency section */

/* Begin PBXVariantGroup section */
		F4947CAB1E0997C00078D984 /* Main.storyboard */ = {
			isa = PBXVariantGroup;
			children = (
				F4947CAC1E0997C00078D984 /* Base */,
			);
			name = Main.storyboard;
			sourceTree = "<group>";
		};
		F4947CB01E0997C00078D984 /* LaunchScreen.storyboard */ = {
			isa = PBXVariantGroup;
			children = (
				F4947CB11E0997C00078D984 /* Base */,
			);
			name = LaunchScreen.storyboard;
			sourceTree = "<group>";
		};
/* End PBXVariantGroup section */

/* Begin XCBuildConfiguration section */
		F4947CCA1E0997C00078D984 /* Debug */ = {
			isa = XCBuildConfiguration;
			buildSettings = {
				ALWAYS_SEARCH_USER_PATHS = NO;
				CLANG_ANALYZER_NONNULL = YES;
				CLANG_CXX_LANGUAGE_STANDARD = "gnu++0x";
				CLANG_CXX_LIBRARY = "libc++";
				CLANG_ENABLE_MODULES = YES;
				CLANG_ENABLE_OBJC_ARC = YES;
				CLANG_WARN_BOOL_CONVERSION = YES;
				CLANG_WARN_CONSTANT_CONVERSION = YES;
				CLANG_WARN_DIRECT_OBJC_ISA_USAGE = YES_ERROR;
				CLANG_WARN_DOCUMENTATION_COMMENTS = YES;
				CLANG_WARN_EMPTY_BODY = YES;
				CLANG_WARN_ENUM_CONVERSION = YES;
				CLANG_WARN_INFINITE_RECURSION = YES;
				CLANG_WARN_INT_CONVERSION = YES;
				CLANG_WARN_OBJC_ROOT_CLASS = YES_ERROR;
				CLANG_WARN_SUSPICIOUS_MOVE = YES;
				CLANG_WARN_UNREACHABLE_CODE = YES;
				CLANG_WARN__DUPLICATE_METHOD_MATCH = YES;
				"CODE_SIGN_IDENTITY[sdk=iphoneos*]" = "iPhone Developer";
				COPY_PHASE_STRIP = NO;
				DEBUG_INFORMATION_FORMAT = dwarf;
				ENABLE_STRICT_OBJC_MSGSEND = YES;
				ENABLE_TESTABILITY = YES;
				GCC_C_LANGUAGE_STANDARD = gnu99;
				GCC_DYNAMIC_NO_PIC = NO;
				GCC_NO_COMMON_BLOCKS = YES;
				GCC_OPTIMIZATION_LEVEL = 0;
				GCC_PREPROCESSOR_DEFINITIONS = (
					"DEBUG=1",
					"$(inherited)",
				);
				GCC_WARN_64_TO_32_BIT_CONVERSION = YES;
				GCC_WARN_ABOUT_RETURN_TYPE = YES_ERROR;
				GCC_WARN_UNDECLARED_SELECTOR = YES;
				GCC_WARN_UNINITIALIZED_AUTOS = YES_AGGRESSIVE;
				GCC_WARN_UNUSED_FUNCTION = YES;
				GCC_WARN_UNUSED_VARIABLE = YES;
				IPHONEOS_DEPLOYMENT_TARGET = 10.2;
				MTL_ENABLE_DEBUG_INFO = YES;
				ONLY_ACTIVE_ARCH = YES;
				SDKROOT = iphoneos;
			};
			name = Debug;
		};
		F4947CCB1E0997C00078D984 /* Release */ = {
			isa = XCBuildConfiguration;
			buildSettings = {
				ALWAYS_SEARCH_USER_PATHS = NO;
				CLANG_ANALYZER_NONNULL = YES;
				CLANG_CXX_LANGUAGE_STANDARD = "gnu++0x";
				CLANG_CXX_LIBRARY = "libc++";
				CLANG_ENABLE_MODULES = YES;
				CLANG_ENABLE_OBJC_ARC = YES;
				CLANG_WARN_BOOL_CONVERSION = YES;
				CLANG_WARN_CONSTANT_CONVERSION = YES;
				CLANG_WARN_DIRECT_OBJC_ISA_USAGE = YES_ERROR;
				CLANG_WARN_DOCUMENTATION_COMMENTS = YES;
				CLANG_WARN_EMPTY_BODY = YES;
				CLANG_WARN_ENUM_CONVERSION = YES;
				CLANG_WARN_INFINITE_RECURSION = YES;
				CLANG_WARN_INT_CONVERSION = YES;
				CLANG_WARN_OBJC_ROOT_CLASS = YES_ERROR;
				CLANG_WARN_SUSPICIOUS_MOVE = YES;
				CLANG_WARN_UNREACHABLE_CODE = YES;
				CLANG_WARN__DUPLICATE_METHOD_MATCH = YES;
				"CODE_SIGN_IDENTITY[sdk=iphoneos*]" = "iPhone Developer";
				COPY_PHASE_STRIP = NO;
				DEBUG_INFORMATION_FORMAT = "dwarf-with-dsym";
				ENABLE_NS_ASSERTIONS = NO;
				ENABLE_STRICT_OBJC_MSGSEND = YES;
				GCC_C_LANGUAGE_STANDARD = gnu99;
				GCC_NO_COMMON_BLOCKS = YES;
				GCC_WARN_64_TO_32_BIT_CONVERSION = YES;
				GCC_WARN_ABOUT_RETURN_TYPE = YES_ERROR;
				GCC_WARN_UNDECLARED_SELECTOR = YES;
				GCC_WARN_UNINITIALIZED_AUTOS = YES_AGGRESSIVE;
				GCC_WARN_UNUSED_FUNCTION = YES;
				GCC_WARN_UNUSED_VARIABLE = YES;
				IPHONEOS_DEPLOYMENT_TARGET = 10.2;
				MTL_ENABLE_DEBUG_INFO = NO;
				SDKROOT = iphoneos;
				VALIDATE_PRODUCT = YES;
			};
			name = Release;
		};
		F4947CCD1E0997C00078D984 /* Debug */ = {
			isa = XCBuildConfiguration;
			baseConfigurationReference = 8AE3308131A87900A3A76C6B /* Pods-AMDb.debug.xcconfig */;
			buildSettings = {
				ASSETCATALOG_COMPILER_APPICON_NAME = AppIcon;
				DEVELOPMENT_TEAM = "";
				FRAMEWORK_SEARCH_PATHS = "$(inherited)";
				INFOPLIST_FILE = AMDb/Info.plist;
				LD_RUNPATH_SEARCH_PATHS = "$(inherited)";
				PRODUCT_BUNDLE_IDENTIFIER = ZupBraz.AMDb;
				PRODUCT_NAME = "$(TARGET_NAME)";
			};
			name = Debug;
		};
		F4947CCE1E0997C00078D984 /* Release */ = {
			isa = XCBuildConfiguration;
			baseConfigurationReference = 4B1E7097D110EE860EBDE069 /* Pods-AMDb.release.xcconfig */;
			buildSettings = {
				ASSETCATALOG_COMPILER_APPICON_NAME = AppIcon;
				DEVELOPMENT_TEAM = "";
				FRAMEWORK_SEARCH_PATHS = "$(inherited)";
				INFOPLIST_FILE = AMDb/Info.plist;
				LD_RUNPATH_SEARCH_PATHS = "$(inherited)";
				PRODUCT_BUNDLE_IDENTIFIER = ZupBraz.AMDb;
				PRODUCT_NAME = "$(TARGET_NAME)";
			};
			name = Release;
		};
		F4947CD01E0997C00078D984 /* Debug */ = {
			isa = XCBuildConfiguration;
			baseConfigurationReference = 862F8FFBA50CDA6D34D25E8A /* Pods-AMDbTests.debug.xcconfig */;
			buildSettings = {
				BUNDLE_LOADER = "$(TEST_HOST)";
				INFOPLIST_FILE = AMDbTests/Info.plist;
				LD_RUNPATH_SEARCH_PATHS = "$(inherited) @executable_path/Frameworks @loader_path/Frameworks";
				PRODUCT_BUNDLE_IDENTIFIER = ZupBraz.AMDbTests;
				PRODUCT_NAME = "$(TARGET_NAME)";
				TEST_HOST = "$(BUILT_PRODUCTS_DIR)/AMDb.app/AMDb";
			};
			name = Debug;
		};
		F4947CD11E0997C00078D984 /* Release */ = {
			isa = XCBuildConfiguration;
			baseConfigurationReference = D8B75A360B2F8AE71E0BFB67 /* Pods-AMDbTests.release.xcconfig */;
			buildSettings = {
				BUNDLE_LOADER = "$(TEST_HOST)";
				INFOPLIST_FILE = AMDbTests/Info.plist;
				LD_RUNPATH_SEARCH_PATHS = "$(inherited) @executable_path/Frameworks @loader_path/Frameworks";
				PRODUCT_BUNDLE_IDENTIFIER = ZupBraz.AMDbTests;
				PRODUCT_NAME = "$(TARGET_NAME)";
				TEST_HOST = "$(BUILT_PRODUCTS_DIR)/AMDb.app/AMDb";
			};
			name = Release;
		};
		F4947CD31E0997C00078D984 /* Debug */ = {
			isa = XCBuildConfiguration;
			baseConfigurationReference = 8FE5ABA04C2571C2AC62FDD6 /* Pods-AMDbUITests.debug.xcconfig */;
			buildSettings = {
				INFOPLIST_FILE = AMDbUITests/Info.plist;
				LD_RUNPATH_SEARCH_PATHS = "$(inherited) @executable_path/Frameworks @loader_path/Frameworks";
				PRODUCT_BUNDLE_IDENTIFIER = ZupBraz.AMDbUITests;
				PRODUCT_NAME = "$(TARGET_NAME)";
				TEST_TARGET_NAME = AMDb;
			};
			name = Debug;
		};
		F4947CD41E0997C00078D984 /* Release */ = {
			isa = XCBuildConfiguration;
			baseConfigurationReference = ACEF43217870CDC4455460B8 /* Pods-AMDbUITests.release.xcconfig */;
			buildSettings = {
				INFOPLIST_FILE = AMDbUITests/Info.plist;
				LD_RUNPATH_SEARCH_PATHS = "$(inherited) @executable_path/Frameworks @loader_path/Frameworks";
				PRODUCT_BUNDLE_IDENTIFIER = ZupBraz.AMDbUITests;
				PRODUCT_NAME = "$(TARGET_NAME)";
				TEST_TARGET_NAME = AMDb;
			};
			name = Release;
		};
/* End XCBuildConfiguration section */

/* Begin XCConfigurationList section */
		F4947C9A1E0997C00078D984 /* Build configuration list for PBXProject "AMDb" */ = {
			isa = XCConfigurationList;
			buildConfigurations = (
				F4947CCA1E0997C00078D984 /* Debug */,
				F4947CCB1E0997C00078D984 /* Release */,
			);
			defaultConfigurationIsVisible = 0;
			defaultConfigurationName = Release;
		};
		F4947CCC1E0997C00078D984 /* Build configuration list for PBXNativeTarget "AMDb" */ = {
			isa = XCConfigurationList;
			buildConfigurations = (
				F4947CCD1E0997C00078D984 /* Debug */,
				F4947CCE1E0997C00078D984 /* Release */,
			);
			defaultConfigurationIsVisible = 0;
			defaultConfigurationName = Release;
		};
		F4947CCF1E0997C00078D984 /* Build configuration list for PBXNativeTarget "AMDbTests" */ = {
			isa = XCConfigurationList;
			buildConfigurations = (
				F4947CD01E0997C00078D984 /* Debug */,
				F4947CD11E0997C00078D984 /* Release */,
			);
			defaultConfigurationIsVisible = 0;
			defaultConfigurationName = Release;
		};
		F4947CD21E0997C00078D984 /* Build configuration list for PBXNativeTarget "AMDbUITests" */ = {
			isa = XCConfigurationList;
			buildConfigurations = (
				F4947CD31E0997C00078D984 /* Debug */,
				F4947CD41E0997C00078D984 /* Release */,
			);
			defaultConfigurationIsVisible = 0;
			defaultConfigurationName = Release;
		};
/* End XCConfigurationList section */
	};
	rootObject = F4947C971E0997C00078D984 /* Project object */;
}
